
Microsoft Visual Studio Solution File, Format Version 12.00
# Visual Studio Version 16
VisualStudioVersion = 16.0.29806.167
MinimumVisualStudioVersion = 10.0.40219.1
Project("{888888A0-9F3D-457C-B088-3A5042F75D52}") = "Pratice", "Pratice\Pratice.pyproj", "{7572BF35-AA26-41DE-BF49-2F7FB7BCA00C}"
EndProject
Global
	GlobalSection(SolutionConfigurationPlatforms) = preSolution
		Debug|Any CPU = Debug|Any CPU
		Release|Any CPU = Release|Any CPU
	EndGlobalSection
	GlobalSection(ProjectConfigurationPlatforms) = postSolution
		{7572BF35-AA26-41DE-BF49-2F7FB7BCA00C}.Debug|Any CPU.ActiveCfg = Debug|Any CPU
		{7572BF35-AA26-41DE-BF49-2F7FB7BCA00C}.Release|Any CPU.ActiveCfg = Release|Any CPU
	EndGlobalSection
	GlobalSection(SolutionProperties) = preSolution
		HideSolutionNode = FALSE
	EndGlobalSection
	GlobalSection(ExtensibilityGlobals) = postSolution
		SolutionGuid = {AC6D743E-A860-4731-A0DD-240ADFB14EFF}
	EndGlobalSection
EndGlobal
